
Microsoft Visual Studio Solution File, Format Version 12.00
# Visual Studio Version 17
VisualStudioVersion = 17.13.35919.96 d17.13
MinimumVisualStudioVersion = 10.0.40219.1
Project("{FAE04EC0-301F-11D3-BF4B-00C04F79EFBC}") = "TestExec", "TestExec.csproj", "{314614CB-6E17-4B74-A9F9-CE4699F78C9B}"
EndProject
Project("{54435603-DBB4-11D2-8724-00A0C9A8B90C}") = "TestExecInstaller", "P:\Test\Engineers\repos\ABT\Installers\TestExecInstaller\TestExecInstaller.vdproj", "{E2B11A71-879D-C329-1911-FA52F3A2E258}"
EndProject
Global
	GlobalSection(SolutionConfigurationPlatforms) = preSolution
		Debug|Any CPU = Debug|Any CPU
		Debug|x64 = Debug|x64
		Release|Any CPU = Release|Any CPU
		Release|x64 = Release|x64
	EndGlobalSection
	GlobalSection(ProjectConfigurationPlatforms) = postSolution
		{314614CB-6E17-4B74-A9F9-CE4699F78C9B}.Debug|Any CPU.ActiveCfg = Debug|Any CPU
		{314614CB-6E17-4B74-A9F9-CE4699F78C9B}.Debug|Any CPU.Build.0 = Debug|Any CPU
		{314614CB-6E17-4B74-A9F9-CE4699F78C9B}.Debug|x64.ActiveCfg = Debug|x64
		{314614CB-6E17-4B74-A9F9-CE4699F78C9B}.Debug|x64.Build.0 = Debug|x64
		{314614CB-6E17-4B74-A9F9-CE4699F78C9B}.Release|Any CPU.ActiveCfg = Release|Any CPU
		{314614CB-6E17-4B74-A9F9-CE4699F78C9B}.Release|Any CPU.Build.0 = Release|Any CPU
		{314614CB-6E17-4B74-A9F9-CE4699F78C9B}.Release|x64.ActiveCfg = Release|x64
		{314614CB-6E17-4B74-A9F9-CE4699F78C9B}.Release|x64.Build.0 = Release|x64
		{E2B11A71-879D-C329-1911-FA52F3A2E258}.Debug|Any CPU.ActiveCfg = Debug
		{E2B11A71-879D-C329-1911-FA52F3A2E258}.Debug|Any CPU.Build.0 = Debug
		{E2B11A71-879D-C329-1911-FA52F3A2E258}.Debug|x64.ActiveCfg = Debug
		{E2B11A71-879D-C329-1911-FA52F3A2E258}.Release|Any CPU.ActiveCfg = Release
		{E2B11A71-879D-C329-1911-FA52F3A2E258}.Release|x64.ActiveCfg = Release
		{E2B11A71-879D-C329-1911-FA52F3A2E258}.Release|x64.Build.0 = Release
	EndGlobalSection
	GlobalSection(SolutionProperties) = preSolution
		HideSolutionNode = FALSE
	EndGlobalSection
	GlobalSection(ExtensibilityGlobals) = postSolution
		SolutionGuid = {1578E478-2D67-4877-A47E-C55ADF3D8E7D}
	EndGlobalSection
EndGlobal
